
Microsoft Visual Studio Solution File, Format Version 12.00
# Visual Studio Version 17
VisualStudioVersion = 17.5.002.0
MinimumVisualStudioVersion = 10.0.40219.1
Project("{2150E333-8FDC-42A3-9474-1A3956D46DE8}") = "Lab1", "Lab1", "{D44436D6-CC09-45C9-96BF-736FBC6EEF1C}"
EndProject
Project("{9A19103F-16F7-4668-BE54-9A1E7A4F7556}") = "CompetencyOne", "Lab1\CompetencyOne\CompetencyOne.csproj", "{80852EE6-4A41-4A07-A9B7-1EAF19E1A47E}"
EndProject
Global
	GlobalSection(SolutionConfigurationPlatforms) = preSolution
		Debug|Any CPU = Debug|Any CPU
		Release|Any CPU = Release|Any CPU
	EndGlobalSection
	GlobalSection(ProjectConfigurationPlatforms) = postSolution
		{80852EE6-4A41-4A07-A9B7-1EAF19E1A47E}.Debug|Any CPU.ActiveCfg = Debug|Any CPU
		{80852EE6-4A41-4A07-A9B7-1EAF19E1A47E}.Debug|Any CPU.Build.0 = Debug|Any CPU
		{80852EE6-4A41-4A07-A9B7-1EAF19E1A47E}.Release|Any CPU.ActiveCfg = Release|Any CPU
		{80852EE6-4A41-4A07-A9B7-1EAF19E1A47E}.Release|Any CPU.Build.0 = Release|Any CPU
	EndGlobalSection
	GlobalSection(SolutionProperties) = preSolution
		HideSolutionNode = FALSE
	EndGlobalSection
	GlobalSection(NestedProjects) = preSolution
		{80852EE6-4A41-4A07-A9B7-1EAF19E1A47E} = {D44436D6-CC09-45C9-96BF-736FBC6EEF1C}
	EndGlobalSection
	GlobalSection(ExtensibilityGlobals) = postSolution
		SolutionGuid = {BCDC829B-AB10-47E3-A1A6-AA6C6684EBD9}
	EndGlobalSection
EndGlobal
